dependencies:
  chmorgan/esp-libhelix-mp3:
    component_hash: cbb76089dc2c5749f7b470e2e70aedc44c9da519e04eb9a67d4c7ec275229e53
    dependencies:
    - name: idf
      require: private
      version: '>=4.1.0'
    source:
      registry_url: https://components.espressif.com/
      type: service
    version: 1.0.3
  espressif/cbor:
    component_hash: 742f5005032227c6edbaab15f3dd6d2010bf2f5997ea93bb313e4e629789b2e0
    dependencies:
    - name: idf
      require: private
      version: '>=4.3'
    source:
      registry_url: https://components.espressif.com
      type: service
    version: 0.6.0~2
  espressif/esp-dsp:
    component_hash: 42dce32d46ac93dc11f60d368e29a830e9661c7345d794b8a45c343479cae636
    dependencies:
    - name: idf
      require: private
      version: '>=4.2'
    source:
      registry_url: https://components.espressif.com/
      type: service
    version: 1.7.0
  espressif/esp-serial-flasher:
    component_hash: 4145e00567da533fc60fe176d58df646e4ee20cf066820c236c3bed34ca0d2c3
    dependencies:
    - name: idf
      require: private
      version: '>=4.3'
    - name: espressif/usb_host_cdc_acm
      registry_url: https://components.espressif.com
      require: private
      rules:
      - if: idf_version >=4.4
      - if: target in [esp32s2, esp32s3]
      version: ^2
    source:
      registry_url: https://components.espressif.com
      type: service
    version: 1.8.0
  espressif/esp-zboss-lib:
    component_hash: 321883d142421f65009972408287441794250057668a11abbdfd8bec77c3309a
    dependencies:
    - name: idf
      require: private
      version: '>=5.0'
    source:
      registry_url: https://components.espressif.com/
      type: service
    version: 1.6.4
  espressif/esp-zigbee-lib:
    component_hash: 947ea40aa95a89b9da238e941bd2950952e7cd422074d0c02d6896e2ff07bad5
    dependencies:
    - name: idf
      require: private
      version: '>=5.0'
    source:
      registry_url: https://components.espressif.com/
      type: service
    version: 1.6.5
  espressif/esp_diag_data_store:
    component_hash: c1e5cf62f545d2b136db299f4df1b228b9840be5bc3410c9ad2d2a882b5c0d64
    dependencies:
    - name: idf
      require: private
      version: '>=4.1'
    source:
      registry_url: https://components.espressif.com/
      type: service
    version: 1.0.2
  espressif/esp_diagnostics:
    component_hash: b6ae5ae71264612d3742ef91e3f44092ae98060feecddd70e04f26bdc172cded
    dependencies:
    - name: espressif/rmaker_common
      registry_url: https://components.espressif.com
      require: private
      version: ~1.4.0
    - name: idf
      require: private
      version: '>=4.1'
    source:
      registry_url: https://components.espressif.com
      type: service
    version: 1.2.3
  espressif/esp_insights:
    component_hash: b9e0863e821a4a18d5805a969a0240e1c82c59aff13b9350568fe7892cef84b3
    dependencies:
    - name: espressif/cbor
      registry_url: https://components.espressif.com
      require: private
      rules:
      - if: idf_version >=5.0
      version: ~0.6
    - name: espressif/esp_diag_data_store
      registry_url: https://components.espressif.com
      require: private
      version: 1.0.2
    - name: espressif/esp_diagnostics
      registry_url: https://components.espressif.com
      require: private
      version: '>=1.2.3'
    - name: espressif/rmaker_common
      registry_url: https://components.espressif.com
      require: private
      version: ~1.4.0
    - name: idf
      require: private
      version: '>=4.1'
    source:
      registry_url: https://components.espressif.com/
      type: service
    version: 1.2.7
  espressif/esp_rainmaker:
    component_hash: 88f6e5011f7a5e5ae585aded0fd43fdd11c3677ca2d3fc3c61ba063fcebd7384
    dependencies:
    - name: espressif/esp_rcp_update
      registry_url: https://components.espressif.com
      require: private
      rules:
      - if: idf_version >= 5.1
      version: ^1.2.0
    - name: espressif/esp_schedule
      registry_url: https://components.espressif.com
      require: private
      version: ~1.2.0
    - name: espressif/esp_secure_cert_mgr
      registry_url: https://components.espressif.com
      require: private
      rules:
      - if: idf_version >=4.3
      version: ^2.2.1
    - name: espressif/json_generator
      registry_url: https://components.espressif.com
      require: private
      version: ~1.1.1
    - name: espressif/json_parser
      registry_url: https://components.espressif.com
      require: private
      version: ~1.0.3
    - name: espressif/mdns
      registry_url: https://components.espressif.com
      require: private
      rules:
      - if: idf_version >=5.0
      version: ^1.2.0
    - name: espressif/network_provisioning
      registry_url: https://components.espressif.com
      require: private
      rules:
      - if: idf_version >= 5.1
      version: ~1.0.0
    - name: espressif/rmaker_common
      registry_url: https://components.espressif.com
      require: private
      version: ~1.4.12
    source:
      registry_url: https://components.espressif.com/
      type: service
    version: 1.6.1
  espressif/esp_rcp_update:
    component_hash: 0629efd75df671b132cc3b3d66e37267d12da63ea734f820280431e4d805ab0b
    dependencies:
    - name: espressif/esp-serial-flasher
      registry_url: https://components.espressif.com
      require: private
      version: 1.8.0
    - name: idf
      require: private
      version: '>=5.0'
    source:
      registry_url: https://components.espressif.com
      type: service
    version: 1.4.0
  espressif/esp_schedule:
    component_hash: e202a9c688f7f1ab601efb91d682e4bcfaebc508dcceee1a1e0a0d2d1ca75a26
    dependencies:
    - name: espressif/rmaker_common
      registry_url: https://components.espressif.com
      require: private
      version: ~1.4.2
    source:
      registry_url: https://components.espressif.com
      type: service
    version: 1.2.0
  espressif/esp_secure_cert_mgr:
    component_hash: 5d9175b416f751ba6a7cb35bdf092f0af85658ce06c4a592c7c541d8017ebeb9
    dependencies:
    - name: idf
      require: private
      version: '>=4.3'
    source:
      registry_url: https://components.espressif.com
      type: service
    version: 2.5.0
  espressif/jsmn:
    component_hash: d80350c41bbaa827c98a25b6072df00884e72f54885996fab4a4f0aebce6b6c3
    dependencies:
    - name: idf
      require: private
      version: '>=4.3'
    source:
      registry_url: https://components.espressif.com
      type: service
    version: 1.1.0
  espressif/json_generator:
    component_hash: 45033e1c199b13f1c8c1b544fb7d4e2df6a8e3071ebdcb1b22582b61a7974ff2
    dependencies: []
    source:
      registry_url: https://components.espressif.com
      type: service
    version: 1.1.2
  espressif/json_parser:
    component_hash: d74b81729ad06ec11ff5eb5b1b0d7df1d00e6027fc11471f4b139c70dcf1b1e4
    dependencies:
    - name: espressif/jsmn
      registry_url: https://components.espressif.com
      require: private
      rules:
      - if: idf_version >=5.0
      version: ~1.1
    source:
      registry_url: https://components.espressif.com
      type: service
    version: 1.0.3
  espressif/mdns:
    component_hash: 3ec0af5f6bce310512e90f482388d21cc7c0e99668172d2f895356165fc6f7c5
    dependencies:
    - name: idf
      require: private
      version: '>=5.0'
    source:
      registry_url: https://components.espressif.com/
      type: service
    version: 1.8.2
  espressif/network_provisioning:
    component_hash: 21c45dd9cf570c12671e1678ddcfabe77471afa979bcff207a8478b45b58667a
    dependencies:
    - name: idf
      require: private
      version: '>=5.1'
    source:
      registry_url: https://components.espressif.com
      type: service
    version: 1.0.5
  espressif/qrcode:
    component_hash: 3b493771bc5d6ad30cbf87c25bf784aada8a08c941504355b55d6b75518ed7bc
    dependencies: []
    source:
      registry_url: https://components.espressif.com/
      type: service
    version: 0.1.0~2
  espressif/rmaker_common:
    component_hash: f8e531264d62cf01ea1bcc80d7436e09e5819132056ca22c3869f5b0e2000c13
    dependencies: []
    source:
      registry_url: https://components.espressif.com/
      type: service
    version: 1.4.12
  idf:
    source:
      type: idf
    version: 5.1.6
  joltwallet/littlefs:
    component_hash: 8e12955f47e27e6070b76715a96d6c75fc2b44f069e8c33679332d9bdd3120c4
    dependencies:
    - name: idf
      require: private
      version: '>=5.0'
    source:
      registry_url: https://components.espressif.com/
      type: service
    version: 1.20.1
direct_dependencies:
- chmorgan/esp-libhelix-mp3
- espressif/esp-dsp
- espressif/esp-zboss-lib
- espressif/esp-zigbee-lib
- espressif/esp_diag_data_store
- espressif/esp_insights
- espressif/esp_rainmaker
- espressif/mdns
- espressif/qrcode
- espressif/rmaker_common
- idf
- joltwallet/littlefs
manifest_hash: 52ca79218260d8cfa90e31faf8af3a6f507705fac0884a3acf62bf486a6a4bc6
target: esp32c6
version: 2.0.0
